
Microsoft Visual Studio Solution File, Format Version 12.00
# Visual Studio Version 16
VisualStudioVersion = 16.0.29123.88
MinimumVisualStudioVersion = 10.0.40219.1
Project("{9A19103F-16F7-4668-BE54-9A1E7A4F7556}") = "LambdaBiz", "LambdaBiz\LambdaBiz.csproj", "{AAF48695-80AB-4E8A-831C-8202D4FF052C}"
EndProject
Project("{FAE04EC0-301F-11D3-BF4B-00C04F79EFBC}") = "LambdaBiz.Examples", "LambdaBiz.Examples\LambdaBiz.Examples.csproj", "{8A7AE728-C4B3-4DA2-97FB-A24D53ABBB5F}"
EndProject
Global
	GlobalSection(SolutionConfigurationPlatforms) = preSolution
		Debug|Any CPU = Debug|Any CPU
		Release|Any CPU = Release|Any CPU
	EndGlobalSection
	GlobalSection(ProjectConfigurationPlatforms) = postSolution
		{AAF48695-80AB-4E8A-831C-8202D4FF052C}.Debug|Any CPU.ActiveCfg = Debug|Any CPU
		{AAF48695-80AB-4E8A-831C-8202D4FF052C}.Debug|Any CPU.Build.0 = Debug|Any CPU
		{AAF48695-80AB-4E8A-831C-8202D4FF052C}.Release|Any CPU.ActiveCfg = Release|Any CPU
		{AAF48695-80AB-4E8A-831C-8202D4FF052C}.Release|Any CPU.Build.0 = Release|Any CPU
		{8A7AE728-C4B3-4DA2-97FB-A24D53ABBB5F}.Debug|Any CPU.ActiveCfg = Debug|Any CPU
		{8A7AE728-C4B3-4DA2-97FB-A24D53ABBB5F}.Debug|Any CPU.Build.0 = Debug|Any CPU
		{8A7AE728-C4B3-4DA2-97FB-A24D53ABBB5F}.Release|Any CPU.ActiveCfg = Release|Any CPU
		{8A7AE728-C4B3-4DA2-97FB-A24D53ABBB5F}.Release|Any CPU.Build.0 = Release|Any CPU
	EndGlobalSection
	GlobalSection(SolutionProperties) = preSolution
		HideSolutionNode = FALSE
	EndGlobalSection
	GlobalSection(ExtensibilityGlobals) = postSolution
		SolutionGuid = {360C64AA-AC32-4E6E-AB60-03FADA4FF0F3}
	EndGlobalSection
EndGlobal
